
Microsoft Visual Studio Solution File, Format Version 12.00
# Visual Studio Version 16
VisualStudioVersion = 16.0.29009.5
MinimumVisualStudioVersion = 10.0.40219.1
Project("{FAE04EC0-301F-11D3-BF4B-00C04F79EFBC}") = "ModbusReader", "ModbusReader\ModbusReader.csproj", "{428FE3BF-9ED6-4A26-AF60-E3420191E88E}"
EndProject
Global
	GlobalSection(SolutionConfigurationPlatforms) = preSolution
		Debug|Any CPU = Debug|Any CPU
		Release|Any CPU = Release|Any CPU
	EndGlobalSection
	GlobalSection(ProjectConfigurationPlatforms) = postSolution
		{428FE3BF-9ED6-4A26-AF60-E3420191E88E}.Debug|Any CPU.ActiveCfg = Debug|Any CPU
		{428FE3BF-9ED6-4A26-AF60-E3420191E88E}.Debug|Any CPU.Build.0 = Debug|Any CPU
		{428FE3BF-9ED6-4A26-AF60-E3420191E88E}.Release|Any CPU.ActiveCfg = Release|Any CPU
		{428FE3BF-9ED6-4A26-AF60-E3420191E88E}.Release|Any CPU.Build.0 = Release|Any CPU
	EndGlobalSection
	GlobalSection(SolutionProperties) = preSolution
		HideSolutionNode = FALSE
	EndGlobalSection
	GlobalSection(ExtensibilityGlobals) = postSolution
		SolutionGuid = {D61FB721-6527-4623-95BA-0445F738E6A2}
	EndGlobalSection
EndGlobal
